
Microsoft Visual Studio Solution File, Format Version 12.00
# Visual Studio 14
VisualStudioVersion = 14.0.25420.1
MinimumVisualStudioVersion = 10.0.40219.1
Project("{FAE04EC0-301F-11D3-BF4B-00C04F79EFBC}") = "SEDOLValidation", "SEDOLValidation\SEDOLValidation.csproj", "{50473A77-D45D-4C3B-B562-788FC6946497}"
EndProject
Project("{FAE04EC0-301F-11D3-BF4B-00C04F79EFBC}") = "SEDOLTEST", "SEDOLTEST\SEDOLTEST.csproj", "{6340E1EF-4D44-44A8-A364-F65F92E60628}"
EndProject
Global
	GlobalSection(SolutionConfigurationPlatforms) = preSolution
		Debug|Any CPU = Debug|Any CPU
		Release|Any CPU = Release|Any CPU
	EndGlobalSection
	GlobalSection(ProjectConfigurationPlatforms) = postSolution
		{50473A77-D45D-4C3B-B562-788FC6946497}.Debug|Any CPU.ActiveCfg = Debug|Any CPU
		{50473A77-D45D-4C3B-B562-788FC6946497}.Debug|Any CPU.Build.0 = Debug|Any CPU
		{50473A77-D45D-4C3B-B562-788FC6946497}.Release|Any CPU.ActiveCfg = Release|Any CPU
		{50473A77-D45D-4C3B-B562-788FC6946497}.Release|Any CPU.Build.0 = Release|Any CPU
		{6340E1EF-4D44-44A8-A364-F65F92E60628}.Debug|Any CPU.ActiveCfg = Debug|Any CPU
		{6340E1EF-4D44-44A8-A364-F65F92E60628}.Debug|Any CPU.Build.0 = Debug|Any CPU
		{6340E1EF-4D44-44A8-A364-F65F92E60628}.Release|Any CPU.ActiveCfg = Release|Any CPU
		{6340E1EF-4D44-44A8-A364-F65F92E60628}.Release|Any CPU.Build.0 = Release|Any CPU
	EndGlobalSection
	GlobalSection(SolutionProperties) = preSolution
		HideSolutionNode = FALSE
	EndGlobalSection
EndGlobal
